
Microsoft Visual Studio Solution File, Format Version 12.00
# Visual Studio Version 17
VisualStudioVersion = 17.7.34202.233
MinimumVisualStudioVersion = 10.0.40219.1
Project("{FAE04EC0-301F-11D3-BF4B-00C04F79EFBC}") = "HashCompareEqual", "HashCompareEqual\HashCompareEqual.csproj", "{BCB113AE-B352-4BB4-B02C-2C2D190D3B8C}"
EndProject
Global
	GlobalSection(SolutionConfigurationPlatforms) = preSolution
		Debug|Any CPU = Debug|Any CPU
		Release|Any CPU = Release|Any CPU
	EndGlobalSection
	GlobalSection(ProjectConfigurationPlatforms) = postSolution
		{BCB113AE-B352-4BB4-B02C-2C2D190D3B8C}.Debug|Any CPU.ActiveCfg = Debug|Any CPU
		{BCB113AE-B352-4BB4-B02C-2C2D190D3B8C}.Debug|Any CPU.Build.0 = Debug|Any CPU
		{BCB113AE-B352-4BB4-B02C-2C2D190D3B8C}.Release|Any CPU.ActiveCfg = Release|Any CPU
		{BCB113AE-B352-4BB4-B02C-2C2D190D3B8C}.Release|Any CPU.Build.0 = Release|Any CPU
	EndGlobalSection
	GlobalSection(SolutionProperties) = preSolution
		HideSolutionNode = FALSE
	EndGlobalSection
	GlobalSection(ExtensibilityGlobals) = postSolution
		SolutionGuid = {75DE79BD-F8C6-4312-A6C7-DB38360A864F}
	EndGlobalSection
EndGlobal
