
Microsoft Visual Studio Solution File, Format Version 12.00
# Visual Studio Version 17
VisualStudioVersion = 17.7.34202.233
MinimumVisualStudioVersion = 10.0.40219.1
Project("{FAE04EC0-301F-11D3-BF4B-00C04F79EFBC}") = "ex02", "ex02\ex02.csproj", "{292149ED-8468-4B46-8A11-17C56A16FBC5}"
EndProject
Global
	GlobalSection(SolutionConfigurationPlatforms) = preSolution
		Debug|Any CPU = Debug|Any CPU
		Release|Any CPU = Release|Any CPU
	EndGlobalSection
	GlobalSection(ProjectConfigurationPlatforms) = postSolution
		{292149ED-8468-4B46-8A11-17C56A16FBC5}.Debug|Any CPU.ActiveCfg = Debug|Any CPU
		{292149ED-8468-4B46-8A11-17C56A16FBC5}.Debug|Any CPU.Build.0 = Debug|Any CPU
		{292149ED-8468-4B46-8A11-17C56A16FBC5}.Release|Any CPU.ActiveCfg = Release|Any CPU
		{292149ED-8468-4B46-8A11-17C56A16FBC5}.Release|Any CPU.Build.0 = Release|Any CPU
	EndGlobalSection
	GlobalSection(SolutionProperties) = preSolution
		HideSolutionNode = FALSE
	EndGlobalSection
	GlobalSection(ExtensibilityGlobals) = postSolution
		SolutionGuid = {B4124855-958F-4031-A443-5531E57628B3}
	EndGlobalSection
EndGlobal
